
Microsoft Visual Studio Solution File, Format Version 12.00
# Visual Studio Version 17
VisualStudioVersion = 17.14.36401.2 d17.14
MinimumVisualStudioVersion = 10.0.40219.1
Project("{FAE04EC0-301F-11D3-BF4B-00C04F79EFBC}") = "Rectangle", "Rectangle\Rectangle.csproj", "{E87C9EDE-217B-4D67-95AE-6BD73288C8C4}"
EndProject
Global
	GlobalSection(SolutionConfigurationPlatforms) = preSolution
		Debug|Any CPU = Debug|Any CPU
		Release|Any CPU = Release|Any CPU
	EndGlobalSection
	GlobalSection(ProjectConfigurationPlatforms) = postSolution
		{E87C9EDE-217B-4D67-95AE-6BD73288C8C4}.Debug|Any CPU.ActiveCfg = Debug|Any CPU
		{E87C9EDE-217B-4D67-95AE-6BD73288C8C4}.Debug|Any CPU.Build.0 = Debug|Any CPU
		{E87C9EDE-217B-4D67-95AE-6BD73288C8C4}.Release|Any CPU.ActiveCfg = Release|Any CPU
		{E87C9EDE-217B-4D67-95AE-6BD73288C8C4}.Release|Any CPU.Build.0 = Release|Any CPU
	EndGlobalSection
	GlobalSection(SolutionProperties) = preSolution
		HideSolutionNode = FALSE
	EndGlobalSection
	GlobalSection(ExtensibilityGlobals) = postSolution
		SolutionGuid = {8C368B1C-C690-4C4B-BEF3-9E553E259CE6}
	EndGlobalSection
EndGlobal
